
Microsoft Visual Studio Solution File, Format Version 12.00
# Visual Studio 2013
VisualStudioVersion = 12.0.30723.0
MinimumVisualStudioVersion = 10.0.40219.1
Project("{FAE04EC0-301F-11D3-BF4B-00C04F79EFBC}") = "TinderCross.Android", "TinderCross.Android\TinderCross.Android.csproj", "{5237757E-053F-4ED2-BEEE-2B971601DE09}"
EndProject
Project("{FAE04EC0-301F-11D3-BF4B-00C04F79EFBC}") = "TinderCross.Portable", "TinderCross.Portable\TinderCross.Portable.csproj", "{4859CCD1-C3A1-4225-A0D6-791DB6194361}"
EndProject
Project("{FAE04EC0-301F-11D3-BF4B-00C04F79EFBC}") = "TinderCross.WindowsPhone", "TinderCross.WindowsPhone\TinderCross.WindowsPhone.csproj", "{02203CD3-98F3-42AF-80FD-B1131F68C7E3}"
EndProject
Project("{FAE04EC0-301F-11D3-BF4B-00C04F79EFBC}") = "TinderCross.Apple", "TinderCross.Apple\TinderCross.Apple.csproj", "{E299327B-D26F-4B53-8A76-2E8B6D67A638}"
EndProject
Global
	GlobalSection(SolutionConfigurationPlatforms) = preSolution
		Ad-Hoc|Any CPU = Ad-Hoc|Any CPU
		Ad-Hoc|ARM = Ad-Hoc|ARM
		Ad-Hoc|iPhone = Ad-Hoc|iPhone
		Ad-Hoc|iPhoneSimulator = Ad-Hoc|iPhoneSimulator
		Ad-Hoc|Mixed Platforms = Ad-Hoc|Mixed Platforms
		Ad-Hoc|x86 = Ad-Hoc|x86
		AppStore|Any CPU = AppStore|Any CPU
		AppStore|ARM = AppStore|ARM
		AppStore|iPhone = AppStore|iPhone
		AppStore|iPhoneSimulator = AppStore|iPhoneSimulator
		AppStore|Mixed Platforms = AppStore|Mixed Platforms
		AppStore|x86 = AppStore|x86
		Debug|Any CPU = Debug|Any CPU
		Debug|ARM = Debug|ARM
		Debug|iPhone = Debug|iPhone
		Debug|iPhoneSimulator = Debug|iPhoneSimulator
		Debug|Mixed Platforms = Debug|Mixed Platforms
		Debug|x86 = Debug|x86
		Release|Any CPU = Release|Any CPU
		Release|ARM = Release|ARM
		Release|iPhone = Release|iPhone
		Release|iPhoneSimulator = Release|iPhoneSimulator
		Release|Mixed Platforms = Release|Mixed Platforms
		Release|x86 = Release|x86
	EndGlobalSection
	GlobalSection(ProjectConfigurationPlatforms) = postSolution
		{5237757E-053F-4ED2-BEEE-2B971601DE09}.Ad-Hoc|Any CPU.ActiveCfg = Release|Any CPU
		{5237757E-053F-4ED2-BEEE-2B971601DE09}.Ad-Hoc|Any CPU.Build.0 = Release|Any CPU
		{5237757E-053F-4ED2-BEEE-2B971601DE09}.Ad-Hoc|Any CPU.Deploy.0 = Release|Any CPU
		{5237757E-053F-4ED2-BEEE-2B971601DE09}.Ad-Hoc|ARM.ActiveCfg = Release|Any CPU
		{5237757E-053F-4ED2-BEEE-2B971601DE09}.Ad-Hoc|iPhone.ActiveCfg = Release|Any CPU
		{5237757E-053F-4ED2-BEEE-2B971601DE09}.Ad-Hoc|iPhoneSimulator.ActiveCfg = Release|Any CPU
		{5237757E-053F-4ED2-BEEE-2B971601DE09}.Ad-Hoc|Mixed Platforms.ActiveCfg = Release|Any CPU
		{5237757E-053F-4ED2-BEEE-2B971601DE09}.Ad-Hoc|Mixed Platforms.Build.0 = Release|Any CPU
		{5237757E-053F-4ED2-BEEE-2B971601DE09}.Ad-Hoc|Mixed Platforms.Deploy.0 = Release|Any CPU
		{5237757E-053F-4ED2-BEEE-2B971601DE09}.Ad-Hoc|x86.ActiveCfg = Release|Any CPU
		{5237757E-053F-4ED2-BEEE-2B971601DE09}.AppStore|Any CPU.ActiveCfg = Release|Any CPU
		{5237757E-053F-4ED2-BEEE-2B971601DE09}.AppStore|Any CPU.Build.0 = Release|Any CPU
		{5237757E-053F-4ED2-BEEE-2B971601DE09}.AppStore|Any CPU.Deploy.0 = Release|Any CPU
		{5237757E-053F-4ED2-BEEE-2B971601DE09}.AppStore|ARM.ActiveCfg = Release|Any CPU
		{5237757E-053F-4ED2-BEEE-2B971601DE09}.AppStore|iPhone.ActiveCfg = Release|Any CPU
		{5237757E-053F-4ED2-BEEE-2B971601DE09}.AppStore|iPhoneSimulator.ActiveCfg = Release|Any CPU
		{5237757E-053F-4ED2-BEEE-2B971601DE09}.AppStore|Mixed Platforms.ActiveCfg = Release|Any CPU
		{5237757E-053F-4ED2-BEEE-2B971601DE09}.AppStore|Mixed Platforms.Build.0 = Release|Any CPU
		{5237757E-053F-4ED2-BEEE-2B971601DE09}.AppStore|Mixed Platforms.Deploy.0 = Release|Any CPU
		{5237757E-053F-4ED2-BEEE-2B971601DE09}.AppStore|x86.ActiveCfg = Release|Any CPU
		{5237757E-053F-4ED2-BEEE-2B971601DE09}.Debug|Any CPU.ActiveCfg = Debug|Any CPU
		{5237757E-053F-4ED2-BEEE-2B971601DE09}.Debug|Any CPU.Build.0 = Debug|Any CPU
		{5237757E-053F-4ED2-BEEE-2B971601DE09}.Debug|Any CPU.Deploy.0 = Debug|Any CPU
		{5237757E-053F-4ED2-BEEE-2B971601DE09}.Debug|ARM.ActiveCfg = Debug|Any CPU
		{5237757E-053F-4ED2-BEEE-2B971601DE09}.Debug|iPhone.ActiveCfg = Debug|Any CPU
		{5237757E-053F-4ED2-BEEE-2B971601DE09}.Debug|iPhoneSimulator.ActiveCfg = Debug|Any CPU
		{5237757E-053F-4ED2-BEEE-2B971601DE09}.Debug|Mixed Platforms.ActiveCfg = Debug|Any CPU
		{5237757E-053F-4ED2-BEEE-2B971601DE09}.Debug|Mixed Platforms.Build.0 = Debug|Any CPU
		{5237757E-053F-4ED2-BEEE-2B971601DE09}.Debug|Mixed Platforms.Deploy.0 = Debug|Any CPU
		{5237757E-053F-4ED2-BEEE-2B971601DE09}.Debug|x86.ActiveCfg = Debug|Any CPU
		{5237757E-053F-4ED2-BEEE-2B971601DE09}.Debug|x86.Build.0 = Debug|Any CPU
		{5237757E-053F-4ED2-BEEE-2B971601DE09}.Release|Any CPU.ActiveCfg = Release|Any CPU
		{5237757E-053F-4ED2-BEEE-2B971601DE09}.Release|Any CPU.Build.0 = Release|Any CPU
		{5237757E-053F-4ED2-BEEE-2B971601DE09}.Release|Any CPU.Deploy.0 = Release|Any CPU
		{5237757E-053F-4ED2-BEEE-2B971601DE09}.Release|ARM.ActiveCfg = Release|Any CPU
		{5237757E-053F-4ED2-BEEE-2B971601DE09}.Release|iPhone.ActiveCfg = Release|Any CPU
		{5237757E-053F-4ED2-BEEE-2B971601DE09}.Release|iPhoneSimulator.ActiveCfg = Release|Any CPU
		{5237757E-053F-4ED2-BEEE-2B971601DE09}.Release|Mixed Platforms.ActiveCfg = Release|Any CPU
		{5237757E-053F-4ED2-BEEE-2B971601DE09}.Release|Mixed Platforms.Build.0 = Release|Any CPU
		{5237757E-053F-4ED2-BEEE-2B971601DE09}.Release|Mixed Platforms.Deploy.0 = Release|Any CPU
		{5237757E-053F-4ED2-BEEE-2B971601DE09}.Release|x86.ActiveCfg = Release|Any CPU
		{5237757E-053F-4ED2-BEEE-2B971601DE09}.Release|x86.Build.0 = Release|Any CPU
		{4859CCD1-C3A1-4225-A0D6-791DB6194361}.Ad-Hoc|Any CPU.ActiveCfg = Release|Any CPU
		{4859CCD1-C3A1-4225-A0D6-791DB6194361}.Ad-Hoc|Any CPU.Build.0 = Release|Any CPU
		{4859CCD1-C3A1-4225-A0D6-791DB6194361}.Ad-Hoc|ARM.ActiveCfg = Release|Any CPU
		{4859CCD1-C3A1-4225-A0D6-791DB6194361}.Ad-Hoc|iPhone.ActiveCfg = Release|Any CPU
		{4859CCD1-C3A1-4225-A0D6-791DB6194361}.Ad-Hoc|iPhoneSimulator.ActiveCfg = Release|Any CPU
		{4859CCD1-C3A1-4225-A0D6-791DB6194361}.Ad-Hoc|Mixed Platforms.ActiveCfg = Release|Any CPU
		{4859CCD1-C3A1-4225-A0D6-791DB6194361}.Ad-Hoc|Mixed Platforms.Build.0 = Release|Any CPU
		{4859CCD1-C3A1-4225-A0D6-791DB6194361}.Ad-Hoc|x86.ActiveCfg = Release|Any CPU
		{4859CCD1-C3A1-4225-A0D6-791DB6194361}.AppStore|Any CPU.ActiveCfg = Release|Any CPU
		{4859CCD1-C3A1-4225-A0D6-791DB6194361}.AppStore|Any CPU.Build.0 = Release|Any CPU
		{4859CCD1-C3A1-4225-A0D6-791DB6194361}.AppStore|ARM.ActiveCfg = Release|Any CPU
		{4859CCD1-C3A1-4225-A0D6-791DB6194361}.AppStore|iPhone.ActiveCfg = Release|Any CPU
		{4859CCD1-C3A1-4225-A0D6-791DB6194361}.AppStore|iPhoneSimulator.ActiveCfg = Release|Any CPU
		{4859CCD1-C3A1-4225-A0D6-791DB6194361}.AppStore|Mixed Platforms.ActiveCfg = Release|Any CPU
		{4859CCD1-C3A1-4225-A0D6-791DB6194361}.AppStore|Mixed Platforms.Build.0 = Release|Any CPU
		{4859CCD1-C3A1-4225-A0D6-791DB6194361}.AppStore|x86.ActiveCfg = Release|Any CPU
		{4859CCD1-C3A1-4225-A0D6-791DB6194361}.Debug|Any CPU.ActiveCfg = Debug|Any CPU
		{4859CCD1-C3A1-4225-A0D6-791DB6194361}.Debug|Any CPU.Build.0 = Debug|Any CPU
		{4859CCD1-C3A1-4225-A0D6-791DB6194361}.Debug|ARM.ActiveCfg = Debug|Any CPU
		{4859CCD1-C3A1-4225-A0D6-791DB6194361}.Debug|iPhone.ActiveCfg = Debug|Any CPU
		{4859CCD1-C3A1-4225-A0D6-791DB6194361}.Debug|iPhoneSimulator.ActiveCfg = Debug|Any CPU
		{4859CCD1-C3A1-4225-A0D6-791DB6194361}.Debug|Mixed Platforms.ActiveCfg = Debug|Any CPU
		{4859CCD1-C3A1-4225-A0D6-791DB6194361}.Debug|Mixed Platforms.Build.0 = Debug|Any CPU
		{4859CCD1-C3A1-4225-A0D6-791DB6194361}.Debug|x86.ActiveCfg = Debug|Any CPU
		{4859CCD1-C3A1-4225-A0D6-791DB6194361}.Debug|x86.Build.0 = Debug|Any CPU
		{4859CCD1-C3A1-4225-A0D6-791DB6194361}.Release|Any CPU.ActiveCfg = Release|Any CPU
		{4859CCD1-C3A1-4225-A0D6-791DB6194361}.Release|Any CPU.Build.0 = Release|Any CPU
		{4859CCD1-C3A1-4225-A0D6-791DB6194361}.Release|ARM.ActiveCfg = Release|Any CPU
		{4859CCD1-C3A1-4225-A0D6-791DB6194361}.Release|iPhone.ActiveCfg = Release|Any CPU
		{4859CCD1-C3A1-4225-A0D6-791DB6194361}.Release|iPhoneSimulator.ActiveCfg = Release|Any CPU
		{4859CCD1-C3A1-4225-A0D6-791DB6194361}.Release|Mixed Platforms.ActiveCfg = Release|Any CPU
		{4859CCD1-C3A1-4225-A0D6-791DB6194361}.Release|Mixed Platforms.Build.0 = Release|Any CPU
		{4859CCD1-C3A1-4225-A0D6-791DB6194361}.Release|x86.ActiveCfg = Release|Any CPU
		{4859CCD1-C3A1-4225-A0D6-791DB6194361}.Release|x86.Build.0 = Release|Any CPU
		{02203CD3-98F3-42AF-80FD-B1131F68C7E3}.Ad-Hoc|Any CPU.ActiveCfg = Release|Any CPU
		{02203CD3-98F3-42AF-80FD-B1131F68C7E3}.Ad-Hoc|Any CPU.Build.0 = Release|Any CPU
		{02203CD3-98F3-42AF-80FD-B1131F68C7E3}.Ad-Hoc|Any CPU.Deploy.0 = Release|Any CPU
		{02203CD3-98F3-42AF-80FD-B1131F68C7E3}.Ad-Hoc|ARM.ActiveCfg = Release|ARM
		{02203CD3-98F3-42AF-80FD-B1131F68C7E3}.Ad-Hoc|ARM.Build.0 = Release|ARM
		{02203CD3-98F3-42AF-80FD-B1131F68C7E3}.Ad-Hoc|ARM.Deploy.0 = Release|ARM
		{02203CD3-98F3-42AF-80FD-B1131F68C7E3}.Ad-Hoc|iPhone.ActiveCfg = Release|Any CPU
		{02203CD3-98F3-42AF-80FD-B1131F68C7E3}.Ad-Hoc|iPhoneSimulator.ActiveCfg = Release|Any CPU
		{02203CD3-98F3-42AF-80FD-B1131F68C7E3}.Ad-Hoc|Mixed Platforms.ActiveCfg = Release|x86
		{02203CD3-98F3-42AF-80FD-B1131F68C7E3}.Ad-Hoc|Mixed Platforms.Build.0 = Release|x86
		{02203CD3-98F3-42AF-80FD-B1131F68C7E3}.Ad-Hoc|Mixed Platforms.Deploy.0 = Release|x86
		{02203CD3-98F3-42AF-80FD-B1131F68C7E3}.Ad-Hoc|x86.ActiveCfg = Release|x86
		{02203CD3-98F3-42AF-80FD-B1131F68C7E3}.Ad-Hoc|x86.Build.0 = Release|x86
		{02203CD3-98F3-42AF-80FD-B1131F68C7E3}.Ad-Hoc|x86.Deploy.0 = Release|x86
		{02203CD3-98F3-42AF-80FD-B1131F68C7E3}.AppStore|Any CPU.ActiveCfg = Release|Any CPU
		{02203CD3-98F3-42AF-80FD-B1131F68C7E3}.AppStore|Any CPU.Build.0 = Release|Any CPU
		{02203CD3-98F3-42AF-80FD-B1131F68C7E3}.AppStore|Any CPU.Deploy.0 = Release|Any CPU
		{02203CD3-98F3-42AF-80FD-B1131F68C7E3}.AppStore|ARM.ActiveCfg = Release|ARM
		{02203CD3-98F3-42AF-80FD-B1131F68C7E3}.AppStore|ARM.Build.0 = Release|ARM
		{02203CD3-98F3-42AF-80FD-B1131F68C7E3}.AppStore|ARM.Deploy.0 = Release|ARM
		{02203CD3-98F3-42AF-80FD-B1131F68C7E3}.AppStore|iPhone.ActiveCfg = Release|Any CPU
		{02203CD3-98F3-42AF-80FD-B1131F68C7E3}.AppStore|iPhoneSimulator.ActiveCfg = Release|Any CPU
		{02203CD3-98F3-42AF-80FD-B1131F68C7E3}.AppStore|Mixed Platforms.ActiveCfg = Release|x86
		{02203CD3-98F3-42AF-80FD-B1131F68C7E3}.AppStore|Mixed Platforms.Build.0 = Release|x86
		{02203CD3-98F3-42AF-80FD-B1131F68C7E3}.AppStore|Mixed Platforms.Deploy.0 = Release|x86
		{02203CD3-98F3-42AF-80FD-B1131F68C7E3}.AppStore|x86.ActiveCfg = Release|x86
		{02203CD3-98F3-42AF-80FD-B1131F68C7E3}.AppStore|x86.Build.0 = Release|x86
		{02203CD3-98F3-42AF-80FD-B1131F68C7E3}.AppStore|x86.Deploy.0 = Release|x86
		{02203CD3-98F3-42AF-80FD-B1131F68C7E3}.Debug|Any CPU.ActiveCfg = Debug|Any CPU
		{02203CD3-98F3-42AF-80FD-B1131F68C7E3}.Debug|Any CPU.Build.0 = Debug|Any CPU
		{02203CD3-98F3-42AF-80FD-B1131F68C7E3}.Debug|Any CPU.Deploy.0 = Debug|Any CPU
		{02203CD3-98F3-42AF-80FD-B1131F68C7E3}.Debug|ARM.ActiveCfg = Debug|ARM
		{02203CD3-98F3-42AF-80FD-B1131F68C7E3}.Debug|ARM.Build.0 = Debug|ARM
		{02203CD3-98F3-42AF-80FD-B1131F68C7E3}.Debug|ARM.Deploy.0 = Debug|ARM
		{02203CD3-98F3-42AF-80FD-B1131F68C7E3}.Debug|iPhone.ActiveCfg = Debug|Any CPU
		{02203CD3-98F3-42AF-80FD-B1131F68C7E3}.Debug|iPhoneSimulator.ActiveCfg = Debug|Any CPU
		{02203CD3-98F3-42AF-80FD-B1131F68C7E3}.Debug|Mixed Platforms.ActiveCfg = Debug|x86
		{02203CD3-98F3-42AF-80FD-B1131F68C7E3}.Debug|Mixed Platforms.Build.0 = Debug|x86
		{02203CD3-98F3-42AF-80FD-B1131F68C7E3}.Debug|Mixed Platforms.Deploy.0 = Debug|x86
		{02203CD3-98F3-42AF-80FD-B1131F68C7E3}.Debug|x86.ActiveCfg = Debug|x86
		{02203CD3-98F3-42AF-80FD-B1131F68C7E3}.Debug|x86.Build.0 = Debug|x86
		{02203CD3-98F3-42AF-80FD-B1131F68C7E3}.Debug|x86.Deploy.0 = Debug|x86
		{02203CD3-98F3-42AF-80FD-B1131F68C7E3}.Release|Any CPU.ActiveCfg = Release|Any CPU
		{02203CD3-98F3-42AF-80FD-B1131F68C7E3}.Release|Any CPU.Build.0 = Release|Any CPU
		{02203CD3-98F3-42AF-80FD-B1131F68C7E3}.Release|Any CPU.Deploy.0 = Release|Any CPU
		{02203CD3-98F3-42AF-80FD-B1131F68C7E3}.Release|ARM.ActiveCfg = Release|ARM
		{02203CD3-98F3-42AF-80FD-B1131F68C7E3}.Release|ARM.Build.0 = Release|ARM
		{02203CD3-98F3-42AF-80FD-B1131F68C7E3}.Release|ARM.Deploy.0 = Release|ARM
		{02203CD3-98F3-42AF-80FD-B1131F68C7E3}.Release|iPhone.ActiveCfg = Release|Any CPU
		{02203CD3-98F3-42AF-80FD-B1131F68C7E3}.Release|iPhoneSimulator.ActiveCfg = Release|Any CPU
		{02203CD3-98F3-42AF-80FD-B1131F68C7E3}.Release|Mixed Platforms.ActiveCfg = Release|x86
		{02203CD3-98F3-42AF-80FD-B1131F68C7E3}.Release|Mixed Platforms.Build.0 = Release|x86
		{02203CD3-98F3-42AF-80FD-B1131F68C7E3}.Release|Mixed Platforms.Deploy.0 = Release|x86
		{02203CD3-98F3-42AF-80FD-B1131F68C7E3}.Release|x86.ActiveCfg = Release|x86
		{02203CD3-98F3-42AF-80FD-B1131F68C7E3}.Release|x86.Build.0 = Release|x86
		{02203CD3-98F3-42AF-80FD-B1131F68C7E3}.Release|x86.Deploy.0 = Release|x86
		{E299327B-D26F-4B53-8A76-2E8B6D67A638}.Ad-Hoc|Any CPU.ActiveCfg = Ad-Hoc|iPhone
		{E299327B-D26F-4B53-8A76-2E8B6D67A638}.Ad-Hoc|ARM.ActiveCfg = Ad-Hoc|iPhone
		{E299327B-D26F-4B53-8A76-2E8B6D67A638}.Ad-Hoc|iPhone.ActiveCfg = Ad-Hoc|iPhone
		{E299327B-D26F-4B53-8A76-2E8B6D67A638}.Ad-Hoc|iPhone.Build.0 = Ad-Hoc|iPhone
		{E299327B-D26F-4B53-8A76-2E8B6D67A638}.Ad-Hoc|iPhoneSimulator.ActiveCfg = Ad-Hoc|iPhoneSimulator
		{E299327B-D26F-4B53-8A76-2E8B6D67A638}.Ad-Hoc|iPhoneSimulator.Build.0 = Ad-Hoc|iPhoneSimulator
		{E299327B-D26F-4B53-8A76-2E8B6D67A638}.Ad-Hoc|Mixed Platforms.ActiveCfg = Ad-Hoc|iPhone
		{E299327B-D26F-4B53-8A76-2E8B6D67A638}.Ad-Hoc|Mixed Platforms.Build.0 = Ad-Hoc|iPhone
		{E299327B-D26F-4B53-8A76-2E8B6D67A638}.Ad-Hoc|x86.ActiveCfg = Ad-Hoc|iPhone
		{E299327B-D26F-4B53-8A76-2E8B6D67A638}.AppStore|Any CPU.ActiveCfg = AppStore|iPhone
		{E299327B-D26F-4B53-8A76-2E8B6D67A638}.AppStore|ARM.ActiveCfg = AppStore|iPhone
		{E299327B-D26F-4B53-8A76-2E8B6D67A638}.AppStore|iPhone.ActiveCfg = AppStore|iPhone
		{E299327B-D26F-4B53-8A76-2E8B6D67A638}.AppStore|iPhone.Build.0 = AppStore|iPhone
		{E299327B-D26F-4B53-8A76-2E8B6D67A638}.AppStore|iPhoneSimulator.ActiveCfg = AppStore|iPhoneSimulator
		{E299327B-D26F-4B53-8A76-2E8B6D67A638}.AppStore|iPhoneSimulator.Build.0 = AppStore|iPhoneSimulator
		{E299327B-D26F-4B53-8A76-2E8B6D67A638}.AppStore|Mixed Platforms.ActiveCfg = AppStore|iPhone
		{E299327B-D26F-4B53-8A76-2E8B6D67A638}.AppStore|Mixed Platforms.Build.0 = AppStore|iPhone
		{E299327B-D26F-4B53-8A76-2E8B6D67A638}.AppStore|x86.ActiveCfg = AppStore|iPhone
		{E299327B-D26F-4B53-8A76-2E8B6D67A638}.Debug|Any CPU.ActiveCfg = Debug|iPhone
		{E299327B-D26F-4B53-8A76-2E8B6D67A638}.Debug|ARM.ActiveCfg = Debug|iPhone
		{E299327B-D26F-4B53-8A76-2E8B6D67A638}.Debug|iPhone.ActiveCfg = Debug|iPhone
		{E299327B-D26F-4B53-8A76-2E8B6D67A638}.Debug|iPhone.Build.0 = Debug|iPhone
		{E299327B-D26F-4B53-8A76-2E8B6D67A638}.Debug|iPhoneSimulator.ActiveCfg = Debug|iPhoneSimulator
		{E299327B-D26F-4B53-8A76-2E8B6D67A638}.Debug|iPhoneSimulator.Build.0 = Debug|iPhoneSimulator
		{E299327B-D26F-4B53-8A76-2E8B6D67A638}.Debug|Mixed Platforms.ActiveCfg = Debug|iPhoneSimulator
		{E299327B-D26F-4B53-8A76-2E8B6D67A638}.Debug|Mixed Platforms.Build.0 = Debug|iPhoneSimulator
		{E299327B-D26F-4B53-8A76-2E8B6D67A638}.Debug|x86.ActiveCfg = Debug|iPhone
		{E299327B-D26F-4B53-8A76-2E8B6D67A638}.Release|Any CPU.ActiveCfg = Release|iPhone
		{E299327B-D26F-4B53-8A76-2E8B6D67A638}.Release|ARM.ActiveCfg = Release|iPhone
		{E299327B-D26F-4B53-8A76-2E8B6D67A638}.Release|iPhone.ActiveCfg = Release|iPhone
		{E299327B-D26F-4B53-8A76-2E8B6D67A638}.Release|iPhone.Build.0 = Release|iPhone
		{E299327B-D26F-4B53-8A76-2E8B6D67A638}.Release|iPhoneSimulator.ActiveCfg = Release|iPhoneSimulator
		{E299327B-D26F-4B53-8A76-2E8B6D67A638}.Release|iPhoneSimulator.Build.0 = Release|iPhoneSimulator
		{E299327B-D26F-4B53-8A76-2E8B6D67A638}.Release|Mixed Platforms.ActiveCfg = Release|iPhone
		{E299327B-D26F-4B53-8A76-2E8B6D67A638}.Release|Mixed Platforms.Build.0 = Release|iPhone
		{E299327B-D26F-4B53-8A76-2E8B6D67A638}.Release|x86.ActiveCfg = Release|iPhone
	EndGlobalSection
	GlobalSection(SolutionProperties) = preSolution
		HideSolutionNode = FALSE
	EndGlobalSection
	GlobalSection(MonoDevelopProperties) = preSolution
		StartupItem = TinderCross.Android\TinderCross.Android.csproj
	EndGlobalSection
EndGlobal
